
Microsoft Visual Studio Solution File, Format Version 12.00
# Visual Studio Version 17
VisualStudioVersion = 17.8.34330.188
MinimumVisualStudioVersion = 10.0.40219.1
Project("{888888A0-9F3D-457C-B088-3A5042F75D52}") = "record_Christmas_message", "record_Christmas_message\record_Christmas_message.pyproj", "{4C4CEBD4-EC14-485C-B56C-C1FD6E68E154}"
EndProject
Global
	GlobalSection(SolutionConfigurationPlatforms) = preSolution
		Debug|Any CPU = Debug|Any CPU
		Release|Any CPU = Release|Any CPU
	EndGlobalSection
	GlobalSection(ProjectConfigurationPlatforms) = postSolution
		{4C4CEBD4-EC14-485C-B56C-C1FD6E68E154}.Debug|Any CPU.ActiveCfg = Debug|Any CPU
		{4C4CEBD4-EC14-485C-B56C-C1FD6E68E154}.Release|Any CPU.ActiveCfg = Release|Any CPU
	EndGlobalSection
	GlobalSection(SolutionProperties) = preSolution
		HideSolutionNode = FALSE
	EndGlobalSection
	GlobalSection(ExtensibilityGlobals) = postSolution
		SolutionGuid = {065CCE03-707C-441A-9A92-24BAD8ED4143}
	EndGlobalSection
EndGlobal
